{
  "version": 4,
  "terraform_version": "1.11.2",
  "serial": 10,
  "lineage": "d953c6d4-e465-7f52-facd-e84cc2166cc8",
  "outputs": {},
  "resources": [
    {
      "mode": "managed",
      "type": "google_storage_bucket",
      "name": "vendor_bucket",
      "provider": "provider[\"registry.terraform.io/hashicorp/google\"]",
      "instances": [
        {
          "schema_version": 2,
          "attributes": {
            "autoclass": [],
            "cors": [],
            "custom_placement_config": [],
            "default_event_based_hold": false,
            "effective_labels": {},
            "enable_object_retention": false,
            "encryption": [],
            "force_destroy": false,
            "id": "vendor-bucket-123t4353",
            "labels": {},
            "lifecycle_rule": [],
            "location": "EUROPE-WEST1",
            "logging": [],
            "name": "vendor-bucket-123t4353",
            "project": "singular-agent-452813-n6",
            "project_number": 477570371233,
            "public_access_prevention": "inherited",
            "requester_pays": false,
            "retention_policy": [
              {
                "is_locked": false,
                "retention_period": 1209600
              }
            ],
            "rpo": null,
            "self_link": "https://www.googleapis.com/storage/v1/b/vendor-bucket-123t4353",
            "soft_delete_policy": [
              {
                "effective_time": "2025-03-17T12:18:36.462Z",
                "retention_duration_seconds": 604800
              }
            ],
            "storage_class": "STANDARD",
            "terraform_labels": {},
            "timeouts": null,
            "uniform_bucket_level_access": true,
            "url": "gs://vendor-bucket-123t4353",
            "versioning": [],
            "website": []
          },
          "sensitive_attributes": [],
          "private": "eyJlMmJmYjczMC1lY2FhLTExZTYtOGY4OC0zNDM2M2JjN2M0YzAiOnsiY3JlYXRlIjo2MDAwMDAwMDAwMDAsInJlYWQiOjI0MDAwMDAwMDAwMCwidXBkYXRlIjoyNDAwMDAwMDAwMDB9LCJzY2hlbWFfdmVyc2lvbiI6IjIifQ=="
        }
      ]
    },
    {
      "mode": "managed",
      "type": "google_storage_bucket_iam_member",
      "name": "viewer_access_group",
      "provider": "provider[\"registry.terraform.io/hashicorp/google\"]",
      "instances": [
        {
          "schema_version": 0,
          "attributes": {
            "bucket": "b/vendor-bucket-123t4353",
            "condition": [],
            "etag": "CAM=",
            "id": "b/vendor-bucket-123t4353/roles/storage.objectViewer/group:google-buckets-ven@googlegroups.com",
            "member": "group:google-buckets-ven@googlegroups.com",
            "role": "roles/storage.objectViewer"
          },
          "sensitive_attributes": [],
          "private": "bnVsbA==",
          "dependencies": [
            "google_storage_bucket.vendor_bucket"
          ]
        }
      ]
    }
  ],
  "check_results": null
}
